
Microsoft Visual Studio Solution File, Format Version 12.00
# Visual Studio 14
VisualStudioVersion = 14.0.25420.1
MinimumVisualStudioVersion = 10.0.40219.1
Project("{2150E333-8FDC-42A3-9474-1A3956D46DE8}") = "src", "src", "{9050C602-9C6F-45F7-AC8A-D8DC7B410282}"
EndProject
Project("{2150E333-8FDC-42A3-9474-1A3956D46DE8}") = "Solution Items", "Solution Items", "{F1B02F4F-1421-460D-A43C-B61F50CDEFC2}"
	ProjectSection(SolutionItems) = preProject
		global.json = global.json
	EndProjectSection
EndProject
Project("{8BB2217D-0F2D-49D1-97BC-3654ED321F3B}") = "GridStackDemo", "src\GridStackDemo\GridStackDemo.xproj", "{9CF14D43-BD7E-4E74-8545-CC45B1A6CFAC}"
EndProject
Global
	GlobalSection(SolutionConfigurationPlatforms) = preSolution
		Debug|Any CPU = Debug|Any CPU
		Release|Any CPU = Release|Any CPU
	EndGlobalSection
	GlobalSection(ProjectConfigurationPlatforms) = postSolution
		{9CF14D43-BD7E-4E74-8545-CC45B1A6CFAC}.Debug|Any CPU.ActiveCfg = Debug|Any CPU
		{9CF14D43-BD7E-4E74-8545-CC45B1A6CFAC}.Debug|Any CPU.Build.0 = Debug|Any CPU
		{9CF14D43-BD7E-4E74-8545-CC45B1A6CFAC}.Release|Any CPU.ActiveCfg = Release|Any CPU
		{9CF14D43-BD7E-4E74-8545-CC45B1A6CFAC}.Release|Any CPU.Build.0 = Release|Any CPU
	EndGlobalSection
	GlobalSection(SolutionProperties) = preSolution
		HideSolutionNode = FALSE
	EndGlobalSection
	GlobalSection(NestedProjects) = preSolution
		{9CF14D43-BD7E-4E74-8545-CC45B1A6CFAC} = {9050C602-9C6F-45F7-AC8A-D8DC7B410282}
	EndGlobalSection
EndGlobal
